
Microsoft Visual Studio Solution File, Format Version 12.00
# Visual Studio Version 17
VisualStudioVersion = 17.13.35931.197
MinimumVisualStudioVersion = 10.0.40219.1
Project("{8BC9CEB8-8B4A-11D0-8D11-00A0C91BC942}") = "RBTree", "RBTree\RBTree.vcxproj", "{77DC6A0C-3C78-4312-8C52-2A17A2096BA0}"
EndProject
Project("{2150E333-8FDC-42A3-9474-1A3956D46DE8}") = "解决方案项", "解决方案项", "{9FA3D6BD-1EC1-3BA5-80CB-CE02773A58D5}"
	ProjectSection(SolutionItems) = preProject
		..\AVLTree\AVLTree\AVLTree.h = ..\AVLTree\AVLTree\AVLTree.h
	EndProjectSection
EndProject
Global
	GlobalSection(SolutionConfigurationPlatforms) = preSolution
		Debug|x64 = Debug|x64
		Debug|x86 = Debug|x86
		Release|x64 = Release|x64
		Release|x86 = Release|x86
	EndGlobalSection
	GlobalSection(ProjectConfigurationPlatforms) = postSolution
		{77DC6A0C-3C78-4312-8C52-2A17A2096BA0}.Debug|x64.ActiveCfg = Debug|x64
		{77DC6A0C-3C78-4312-8C52-2A17A2096BA0}.Debug|x64.Build.0 = Debug|x64
		{77DC6A0C-3C78-4312-8C52-2A17A2096BA0}.Debug|x86.ActiveCfg = Debug|Win32
		{77DC6A0C-3C78-4312-8C52-2A17A2096BA0}.Debug|x86.Build.0 = Debug|Win32
		{77DC6A0C-3C78-4312-8C52-2A17A2096BA0}.Release|x64.ActiveCfg = Release|x64
		{77DC6A0C-3C78-4312-8C52-2A17A2096BA0}.Release|x64.Build.0 = Release|x64
		{77DC6A0C-3C78-4312-8C52-2A17A2096BA0}.Release|x86.ActiveCfg = Release|Win32
		{77DC6A0C-3C78-4312-8C52-2A17A2096BA0}.Release|x86.Build.0 = Release|Win32
	EndGlobalSection
	GlobalSection(SolutionProperties) = preSolution
		HideSolutionNode = FALSE
	EndGlobalSection
	GlobalSection(ExtensibilityGlobals) = postSolution
		SolutionGuid = {735EE96A-6696-4BF3-85D6-69A25D9DE627}
	EndGlobalSection
EndGlobal
