
Microsoft Visual Studio Solution File, Format Version 12.00
# Visual Studio Version 17
VisualStudioVersion = 17.13.35931.197
MinimumVisualStudioVersion = 10.0.40219.1
Project("{8BC9CEB8-8B4A-11D0-8D11-00A0C91BC942}") = "stack模拟实现", "stack模拟实现\stack模拟实现.vcxproj", "{34C0291C-79FB-4329-BFE7-FA1257A6B0D9}"
EndProject
Project("{8BC9CEB8-8B4A-11D0-8D11-00A0C91BC942}") = "queue模拟实现", "queue模拟实现\queue模拟实现.vcxproj", "{2D2368B7-7BF1-4CDF-8BD6-F57FF7253EA3}"
EndProject
Global
	GlobalSection(SolutionConfigurationPlatforms) = preSolution
		Debug|x64 = Debug|x64
		Debug|x86 = Debug|x86
		Release|x64 = Release|x64
		Release|x86 = Release|x86
	EndGlobalSection
	GlobalSection(ProjectConfigurationPlatforms) = postSolution
		{34C0291C-79FB-4329-BFE7-FA1257A6B0D9}.Debug|x64.ActiveCfg = Debug|x64
		{34C0291C-79FB-4329-BFE7-FA1257A6B0D9}.Debug|x64.Build.0 = Debug|x64
		{34C0291C-79FB-4329-BFE7-FA1257A6B0D9}.Debug|x86.ActiveCfg = Debug|Win32
		{34C0291C-79FB-4329-BFE7-FA1257A6B0D9}.Debug|x86.Build.0 = Debug|Win32
		{34C0291C-79FB-4329-BFE7-FA1257A6B0D9}.Release|x64.ActiveCfg = Release|x64
		{34C0291C-79FB-4329-BFE7-FA1257A6B0D9}.Release|x64.Build.0 = Release|x64
		{34C0291C-79FB-4329-BFE7-FA1257A6B0D9}.Release|x86.ActiveCfg = Release|Win32
		{34C0291C-79FB-4329-BFE7-FA1257A6B0D9}.Release|x86.Build.0 = Release|Win32
		{2D2368B7-7BF1-4CDF-8BD6-F57FF7253EA3}.Debug|x64.ActiveCfg = Debug|x64
		{2D2368B7-7BF1-4CDF-8BD6-F57FF7253EA3}.Debug|x64.Build.0 = Debug|x64
		{2D2368B7-7BF1-4CDF-8BD6-F57FF7253EA3}.Debug|x86.ActiveCfg = Debug|Win32
		{2D2368B7-7BF1-4CDF-8BD6-F57FF7253EA3}.Debug|x86.Build.0 = Debug|Win32
		{2D2368B7-7BF1-4CDF-8BD6-F57FF7253EA3}.Release|x64.ActiveCfg = Release|x64
		{2D2368B7-7BF1-4CDF-8BD6-F57FF7253EA3}.Release|x64.Build.0 = Release|x64
		{2D2368B7-7BF1-4CDF-8BD6-F57FF7253EA3}.Release|x86.ActiveCfg = Release|Win32
		{2D2368B7-7BF1-4CDF-8BD6-F57FF7253EA3}.Release|x86.Build.0 = Release|Win32
	EndGlobalSection
	GlobalSection(SolutionProperties) = preSolution
		HideSolutionNode = FALSE
	EndGlobalSection
	GlobalSection(ExtensibilityGlobals) = postSolution
		SolutionGuid = {759A5ED4-BED8-4AA7-A5C2-3DF859406BEB}
	EndGlobalSection
EndGlobal
