
Microsoft Visual Studio Solution File, Format Version 12.00
# Visual Studio Version 17
VisualStudioVersion = 17.13.35825.156 d17.13
MinimumVisualStudioVersion = 10.0.40219.1
Project("{8BC9CEB8-8B4A-11D0-8D11-00A0C91BC942}") = "2025_3_27", "2025_3_27\2025_3_27.vcxproj", "{07068750-E835-43CD-B98F-D08507DA4DAF}"
EndProject
Global
	GlobalSection(SolutionConfigurationPlatforms) = preSolution
		Debug|x64 = Debug|x64
		Debug|x86 = Debug|x86
		Release|x64 = Release|x64
		Release|x86 = Release|x86
	EndGlobalSection
	GlobalSection(ProjectConfigurationPlatforms) = postSolution
		{07068750-E835-43CD-B98F-D08507DA4DAF}.Debug|x64.ActiveCfg = Debug|x64
		{07068750-E835-43CD-B98F-D08507DA4DAF}.Debug|x64.Build.0 = Debug|x64
		{07068750-E835-43CD-B98F-D08507DA4DAF}.Debug|x86.ActiveCfg = Debug|Win32
		{07068750-E835-43CD-B98F-D08507DA4DAF}.Debug|x86.Build.0 = Debug|Win32
		{07068750-E835-43CD-B98F-D08507DA4DAF}.Release|x64.ActiveCfg = Release|x64
		{07068750-E835-43CD-B98F-D08507DA4DAF}.Release|x64.Build.0 = Release|x64
		{07068750-E835-43CD-B98F-D08507DA4DAF}.Release|x86.ActiveCfg = Release|Win32
		{07068750-E835-43CD-B98F-D08507DA4DAF}.Release|x86.Build.0 = Release|Win32
	EndGlobalSection
	GlobalSection(SolutionProperties) = preSolution
		HideSolutionNode = FALSE
	EndGlobalSection
	GlobalSection(ExtensibilityGlobals) = postSolution
		SolutionGuid = {D9DAE277-BF71-4DB0-B232-249F8ACC957A}
	EndGlobalSection
EndGlobal
